{
  "name": "dto",
  "version": "1.0.0",
  "lockfileVersion": 3,
  "requires": true,
  "packages": {
    "": {
      "name": "dto",
      "version": "1.0.0",
      "license": "UNLICENSED",
      "dependencies": {
        "nestjs-zod": "^4.3.1"
      }
    },
    "node_modules/@nest-zod/z": {
      "version": "2.0.0",
      "resolved": "https://registry.npmjs.org/@nest-zod/z/-/z-2.0.0.tgz",
      "integrity": "sha512-OqmJUZlpcx9ECzPYSIjaR/q/xLKrm9FkV+0FIWLEb9MVc9YeP21GmnQJBxE1dPRlLJ1kybNFBlt4D/PB8YAPkA==",
      "license": "MIT",
      "peerDependencies": {
        "@nestjs/common": "^10.0.0 || ^11.0.0",
        "@nestjs/core": "^10.0.0 || ^11.0.0",
        "@nestjs/swagger": "^7.4.2 || ^8.0.0 || ^11.0.0",
        "zod": ">= 3.14.3"
      },
      "peerDependenciesMeta": {
        "@nestjs/common": {
          "optional": true
        },
        "@nestjs/core": {
          "optional": true
        },
        "@nestjs/swagger": {
          "optional": true
        },
        "zod": {
          "optional": false
        }
      }
    },
    "node_modules/deepmerge": {
      "version": "4.3.1",
      "resolved": "https://registry.npmjs.org/deepmerge/-/deepmerge-4.3.1.tgz",
      "integrity": "sha512-3sUqbMEc77XqpdNO7FRyRog+eW3ph+GYCbj+rK+uYyRMuwsVy0rMiVtPn+QJlKFvWP/1PYpapqYn0Me2knFn+A==",
      "license": "MIT",
      "engines": {
        "node": ">=0.10.0"
      }
    },
    "node_modules/nestjs-zod": {
      "version": "4.3.1",
      "resolved": "https://registry.npmjs.org/nestjs-zod/-/nestjs-zod-4.3.1.tgz",
      "integrity": "sha512-gl10NOf/AhWt4HLcnMI1J0WUlBCKyteJBftD6SwNyX71/vzAorr5MJQWiDJoPPkou9QL2CRHHBtyjr55o7++Xw==",
      "license": "MIT",
      "dependencies": {
        "@nest-zod/z": "*",
        "deepmerge": "^4.3.1"
      },
      "peerDependencies": {
        "@nestjs/common": "^10.0.0 || ^11.0.0",
        "@nestjs/core": "^10.0.0 || ^11.0.0",
        "@nestjs/swagger": "^7.4.2 || ^8.0.0 || ^11.0.0",
        "zod": ">= 3.14.3"
      },
      "peerDependenciesMeta": {
        "@nestjs/common": {
          "optional": true
        },
        "@nestjs/core": {
          "optional": true
        },
        "@nestjs/swagger": {
          "optional": true
        },
        "zod": {
          "optional": false
        }
      }
    },
    "node_modules/zod": {
      "version": "3.24.4",
      "resolved": "https://registry.npmjs.org/zod/-/zod-3.24.4.tgz",
      "integrity": "sha512-OdqJE9UDRPwWsrHjLN2F8bPxvwJBK22EHLWtanu0LSYr5YqzsaaW3RMgmjwr8Rypg5k+meEJdSPXJZXE/yqOMg==",
      "license": "MIT",
      "peer": true,
      "funding": {
        "url": "https://github.com/sponsors/colinhacks"
      }
    }
  }
}
